github.com/skriptble/dependy/v2 v2.0.2 h1:OgflWb5EcQnfkb88bw+m1Kjfm0hq4KEObVZRy1inWaw=
github.com/skriptble/dependy/v2 v2.0.2/go.mod h1:AJ5PuqmMYUUT5Jbb4rsqgwamoruD9zH6+3jZLWqmvgU=
github.com/skriptble/dependy/v2 v2.0.3 h1:tDbyirHC+o31WHhEi8Xsjt3nRf4szH+uWo5DOtKbiNE=
github.com/skriptble/dependy/v2 v2.0.3/go.mod h1:AJ5PuqmMYUUT5Jbb4rsqgwamoruD9zH6+3jZLWqmvgU=
